// !$*UTF8*$!
{
	archiveVersion = 1;
	classes = {
	};
	objectVersion = 55;
	objects = {

/* Begin PBXBuildFile section */
		620A5D2527A6DBB5004E45F9 /* AppDelegate.swift in Sources */ = {isa = PBXBuildFile; fileRef = 620A5D2427A6DBB5004E45F9 /* AppDelegate.swift */; };
		620A5D2727A6DBB5004E45F9 /* SceneDelegate.swift in Sources */ = {isa = PBXBuildFile; fileRef = 620A5D2627A6DBB5004E45F9 /* SceneDelegate.swift */; };
		620A5D2927A6DBB5004E45F9 /* HomeViewController.swift in Sources */ = {isa = PBXBuildFile; fileRef = 620A5D2827A6DBB5004E45F9 /* HomeViewController.swift */; };
		620A5D2E27A6DBB6004E45F9 /* Assets.xcassets in Resources */ = {isa = PBXBuildFile; fileRef = 620A5D2D27A6DBB6004E45F9 /* Assets.xcassets */; };
		620A5D3127A6DBB6004E45F9 /* LaunchScreen.storyboard in Resources */ = {isa = PBXBuildFile; fileRef = 620A5D2F27A6DBB6004E45F9 /* LaunchScreen.storyboard */; };
		620A5D4027A6F811004E45F9 /* Colors.swift in Sources */ = {isa = PBXBuildFile; fileRef = 620A5D3F27A6F811004E45F9 /* Colors.swift */; };
		620A5D4A27A6FD95004E45F9 /* Fonts.swift in Sources */ = {isa = PBXBuildFile; fileRef = 620A5D4927A6FD95004E45F9 /* Fonts.swift */; };
		620A5D4F27A70664004E45F9 /* RoundedButton.swift in Sources */ = {isa = PBXBuildFile; fileRef = 620A5D4E27A70664004E45F9 /* RoundedButton.swift */; };
		620A5D5327A70B09004E45F9 /* HomeProtocols.swift in Sources */ = {isa = PBXBuildFile; fileRef = 620A5D5227A70B09004E45F9 /* HomeProtocols.swift */; };
		620A5D5527A70B14004E45F9 /* HomeEntity.swift in Sources */ = {isa = PBXBuildFile; fileRef = 620A5D5427A70B14004E45F9 /* HomeEntity.swift */; };
		620A5D5927A70B2C004E45F9 /* HomePresenter.swift in Sources */ = {isa = PBXBuildFile; fileRef = 620A5D5827A70B2C004E45F9 /* HomePresenter.swift */; };
		620A5D5B27A70B3B004E45F9 /* HomeRouter.swift in Sources */ = {isa = PBXBuildFile; fileRef = 620A5D5A27A70B3B004E45F9 /* HomeRouter.swift */; };
		623EC39427A96EED007D9937 /* DrawingModel.mlpackage in Sources */ = {isa = PBXBuildFile; fileRef = 623EC39327A96EED007D9937 /* DrawingModel.mlpackage */; };
		623EC39727A96FA9007D9937 /* Training_Drawn_Recognition_Model.ipynb in Resources */ = {isa = PBXBuildFile; fileRef = 623EC39627A96FA9007D9937 /* Training_Drawn_Recognition_Model.ipynb */; };
		62DA4EE327A85EE50041C54D /* Lora-Regular.ttf in Resources */ = {isa = PBXBuildFile; fileRef = 62DA4EE227A85EE50041C54D /* Lora-Regular.ttf */; };
		62DA4EE527A85EEE0041C54D /* Lora-Bold.ttf in Resources */ = {isa = PBXBuildFile; fileRef = 62DA4EE427A85EEE0041C54D /* Lora-Bold.ttf */; };
		62DA4EE727A85EF60041C54D /* Sticky-Notes.ttf in Resources */ = {isa = PBXBuildFile; fileRef = 62DA4EE627A85EF60041C54D /* Sticky-Notes.ttf */; };
/* End PBXBuildFile section */

/* Begin PBXFileReference section */
		620A5D2127A6DBB5004E45F9 /* quick-draw-ios.app */ = {isa = PBXFileReference; explicitFileType = wrapper.application; includeInIndex = 0; path = "quick-draw-ios.app"; sourceTree = BUILT_PRODUCTS_DIR; };
		620A5D2427A6DBB5004E45F9 /* AppDelegate.swift */ = {isa = PBXFileReference; lastKnownFileType = sourcecode.swift; path = AppDelegate.swift; sourceTree = "<group>"; };
		620A5D2627A6DBB5004E45F9 /* SceneDelegate.swift */ = {isa = PBXFileReference; lastKnownFileType = sourcecode.swift; path = SceneDelegate.swift; sourceTree = "<group>"; };
		620A5D2827A6DBB5004E45F9 /* HomeViewController.swift */ = {isa = PBXFileReference; lastKnownFileType = sourcecode.swift; path = HomeViewController.swift; sourceTree = "<group>"; };
		620A5D2D27A6DBB6004E45F9 /* Assets.xcassets */ = {isa = PBXFileReference; lastKnownFileType = folder.assetcatalog; path = Assets.xcassets; sourceTree = "<group>"; };
		620A5D3027A6DBB6004E45F9 /* Base */ = {isa = PBXFileReference; lastKnownFileType = file.storyboard; name = Base; path = Base.lproj/LaunchScreen.storyboard; sourceTree = "<group>"; };
		620A5D3227A6DBB6004E45F9 /* Info.plist */ = {isa = PBXFileReference; lastKnownFileType = text.plist.xml; path = Info.plist; sourceTree = "<group>"; };
		620A5D3F27A6F811004E45F9 /* Colors.swift */ = {isa = PBXFileReference; lastKnownFileType = sourcecode.swift; path = Colors.swift; sourceTree = "<group>"; };
		620A5D4927A6FD95004E45F9 /* Fonts.swift */ = {isa = PBXFileReference; lastKnownFileType = sourcecode.swift; path = Fonts.swift; sourceTree = "<group>"; };
		620A5D4E27A70664004E45F9 /* RoundedButton.swift */ = {isa = PBXFileReference; lastKnownFileType = sourcecode.swift; path = RoundedButton.swift; sourceTree = "<group>"; };
		620A5D5227A70B09004E45F9 /* HomeProtocols.swift */ = {isa = PBXFileReference; lastKnownFileType = sourcecode.swift; path = HomeProtocols.swift; sourceTree = "<group>"; };
		620A5D5427A70B14004E45F9 /* HomeEntity.swift */ = {isa = PBXFileReference; lastKnownFileType = sourcecode.swift; path = HomeEntity.swift; sourceTree = "<group>"; };
		620A5D5827A70B2C004E45F9 /* HomePresenter.swift */ = {isa = PBXFileReference; lastKnownFileType = sourcecode.swift; path = HomePresenter.swift; sourceTree = "<group>"; };
		620A5D5A27A70B3B004E45F9 /* HomeRouter.swift */ = {isa = PBXFileReference; lastKnownFileType = sourcecode.swift; path = HomeRouter.swift; sourceTree = "<group>"; };
		623EC39327A96EED007D9937 /* DrawingModel.mlpackage */ = {isa = PBXFileReference; lastKnownFileType = folder.mlpackage; path = DrawingModel.mlpackage; sourceTree = "<group>"; };
		623EC39627A96FA9007D9937 /* Training_Drawn_Recognition_Model.ipynb */ = {isa = PBXFileReference; fileEncoding = 4; lastKnownFileType = text; path = Training_Drawn_Recognition_Model.ipynb; sourceTree = "<group>"; };
		62DA4EE227A85EE50041C54D /* Lora-Regular.ttf */ = {isa = PBXFileReference; lastKnownFileType = file; path = "Lora-Regular.ttf"; sourceTree = "<group>"; };
		62DA4EE427A85EEE0041C54D /* Lora-Bold.ttf */ = {isa = PBXFileReference; lastKnownFileType = file; path = "Lora-Bold.ttf"; sourceTree = "<group>"; };
		62DA4EE627A85EF60041C54D /* Sticky-Notes.ttf */ = {isa = PBXFileReference; lastKnownFileType = file; path = "Sticky-Notes.ttf"; sourceTree = "<group>"; };
/* End PBXFileReference section */

/* Begin PBXFrameworksBuildPhase section */
		620A5D1E27A6DBB5004E45F9 /* Frameworks */ = {
			isa = PBXFrameworksBuildPhase;
			buildActionMask = 2147483647;
			files = (
			);
			runOnlyForDeploymentPostprocessing = 0;
		};
/* End PBXFrameworksBuildPhase section */

/* Begin PBXGroup section */
		620A5D1827A6DBB5004E45F9 = {
			isa = PBXGroup;
			children = (
				620A5D2327A6DBB5004E45F9 /* quick-draw-ios */,
				620A5D2227A6DBB5004E45F9 /* Products */,
			);
			sourceTree = "<group>";
		};
		620A5D2227A6DBB5004E45F9 /* Products */ = {
			isa = PBXGroup;
			children = (
				620A5D2127A6DBB5004E45F9 /* quick-draw-ios.app */,
			);
			name = Products;
			sourceTree = "<group>";
		};
		620A5D2327A6DBB5004E45F9 /* quick-draw-ios */ = {
			isa = PBXGroup;
			children = (
				620A5D3827A6EFED004E45F9 /* app */,
				620A5D4C27A70624004E45F9 /* source */,
				620A5D3B27A6F02C004E45F9 /* media */,
				620A5D3A27A6F013004E45F9 /* supporting-files */,
			);
			path = "quick-draw-ios";
			sourceTree = "<group>";
		};
		620A5D3827A6EFED004E45F9 /* app */ = {
			isa = PBXGroup;
			children = (
				620A5D2427A6DBB5004E45F9 /* AppDelegate.swift */,
				620A5D2627A6DBB5004E45F9 /* SceneDelegate.swift */,
			);
			path = app;
			sourceTree = "<group>";
		};
		620A5D3927A6EFF8004E45F9 /* modules */ = {
			isa = PBXGroup;
			children = (
				620A5D3C27A6F040004E45F9 /* home */,
			);
			path = modules;
			sourceTree = "<group>";
		};
		620A5D3A27A6F013004E45F9 /* supporting-files */ = {
			isa = PBXGroup;
			children = (
				623EC39527A96F98007D9937 /* notebook */,
				620A5D3227A6DBB6004E45F9 /* Info.plist */,
				620A5D2F27A6DBB6004E45F9 /* LaunchScreen.storyboard */,
			);
			path = "supporting-files";
			sourceTree = "<group>";
		};
		620A5D3B27A6F02C004E45F9 /* media */ = {
			isa = PBXGroup;
			children = (
				620A5D4127A6FA46004E45F9 /* Fonts */,
				620A5D2D27A6DBB6004E45F9 /* Assets.xcassets */,
			);
			path = media;
			sourceTree = "<group>";
		};
		620A5D3C27A6F040004E45F9 /* home */ = {
			isa = PBXGroup;
			children = (
				620A5D5227A70B09004E45F9 /* HomeProtocols.swift */,
				620A5D2827A6DBB5004E45F9 /* HomeViewController.swift */,
				620A5D5827A70B2C004E45F9 /* HomePresenter.swift */,
				620A5D5427A70B14004E45F9 /* HomeEntity.swift */,
				620A5D5A27A70B3B004E45F9 /* HomeRouter.swift */,
			);
			path = home;
			sourceTree = "<group>";
		};
		620A5D3E27A6F7F5004E45F9 /* utilities */ = {
			isa = PBXGroup;
			children = (
				620A5D3F27A6F811004E45F9 /* Colors.swift */,
				620A5D4927A6FD95004E45F9 /* Fonts.swift */,
			);
			path = utilities;
			sourceTree = "<group>";
		};
		620A5D4127A6FA46004E45F9 /* Fonts */ = {
			isa = PBXGroup;
			children = (
				62DA4EE627A85EF60041C54D /* Sticky-Notes.ttf */,
				62DA4EE227A85EE50041C54D /* Lora-Regular.ttf */,
				62DA4EE427A85EEE0041C54D /* Lora-Bold.ttf */,
			);
			path = Fonts;
			sourceTree = "<group>";
		};
		620A5D4C27A70624004E45F9 /* source */ = {
			isa = PBXGroup;
			children = (
				62DA4ED927A85C7E0041C54D /* models */,
				620A5D3927A6EFF8004E45F9 /* modules */,
				620A5D4D27A7063F004E45F9 /* views */,
				620A5D3E27A6F7F5004E45F9 /* utilities */,
			);
			path = source;
			sourceTree = "<group>";
		};
		620A5D4D27A7063F004E45F9 /* views */ = {
			isa = PBXGroup;
			children = (
				620A5D4E27A70664004E45F9 /* RoundedButton.swift */,
			);
			path = views;
			sourceTree = "<group>";
		};
		623EC39527A96F98007D9937 /* notebook */ = {
			isa = PBXGroup;
			children = (
				623EC39627A96FA9007D9937 /* Training_Drawn_Recognition_Model.ipynb */,
			);
			path = notebook;
			sourceTree = "<group>";
		};
		62DA4ED927A85C7E0041C54D /* models */ = {
			isa = PBXGroup;
			children = (
				623EC39327A96EED007D9937 /* DrawingModel.mlpackage */,
			);
			path = models;
			sourceTree = "<group>";
		};
/* End PBXGroup section */

/* Begin PBXNativeTarget section */
		620A5D2027A6DBB5004E45F9 /* quick-draw-ios */ = {
			isa = PBXNativeTarget;
			buildConfigurationList = 620A5D3527A6DBB6004E45F9 /* Build configuration list for PBXNativeTarget "quick-draw-ios" */;
			buildPhases = (
				620A5D1D27A6DBB5004E45F9 /* Sources */,
				620A5D1E27A6DBB5004E45F9 /* Frameworks */,
				620A5D1F27A6DBB5004E45F9 /* Resources */,
			);
			buildRules = (
			);
			dependencies = (
			);
			name = "quick-draw-ios";
			productName = "quick-draw-ios";
			productReference = 620A5D2127A6DBB5004E45F9 /* quick-draw-ios.app */;
			productType = "com.apple.product-type.application";
		};
/* End PBXNativeTarget section */

/* Begin PBXProject section */
		620A5D1927A6DBB5004E45F9 /* Project object */ = {
			isa = PBXProject;
			attributes = {
				BuildIndependentTargetsInParallel = 1;
				LastSwiftUpdateCheck = 1330;
				LastUpgradeCheck = 1330;
				TargetAttributes = {
					620A5D2027A6DBB5004E45F9 = {
						CreatedOnToolsVersion = 13.3;
					};
				};
			};
			buildConfigurationList = 620A5D1C27A6DBB5004E45F9 /* Build configuration list for PBXProject "quick-draw-ios" */;
			compatibilityVersion = "Xcode 13.0";
			developmentRegion = en;
			hasScannedForEncodings = 0;
			knownRegions = (
				en,
				Base,
			);
			mainGroup = 620A5D1827A6DBB5004E45F9;
			productRefGroup = 620A5D2227A6DBB5004E45F9 /* Products */;
			projectDirPath = "";
			projectRoot = "";
			targets = (
				620A5D2027A6DBB5004E45F9 /* quick-draw-ios */,
			);
		};
/* End PBXProject section */

/* Begin PBXResourcesBuildPhase section */
		620A5D1F27A6DBB5004E45F9 /* Resources */ = {
			isa = PBXResourcesBuildPhase;
			buildActionMask = 2147483647;
			files = (
				620A5D3127A6DBB6004E45F9 /* LaunchScreen.storyboard in Resources */,
				62DA4EE527A85EEE0041C54D /* Lora-Bold.ttf in Resources */,
				62DA4EE727A85EF60041C54D /* Sticky-Notes.ttf in Resources */,
				623EC39727A96FA9007D9937 /* Training_Drawn_Recognition_Model.ipynb in Resources */,
				62DA4EE327A85EE50041C54D /* Lora-Regular.ttf in Resources */,
				620A5D2E27A6DBB6004E45F9 /* Assets.xcassets in Resources */,
			);
			runOnlyForDeploymentPostprocessing = 0;
		};
/* End PBXResourcesBuildPhase section */

/* Begin PBXSourcesBuildPhase section */
		620A5D1D27A6DBB5004E45F9 /* Sources */ = {
			isa = PBXSourcesBuildPhase;
			buildActionMask = 2147483647;
			files = (
				620A5D2927A6DBB5004E45F9 /* HomeViewController.swift in Sources */,
				620A5D5527A70B14004E45F9 /* HomeEntity.swift in Sources */,
				620A5D4F27A70664004E45F9 /* RoundedButton.swift in Sources */,
				620A5D5927A70B2C004E45F9 /* HomePresenter.swift in Sources */,
				620A5D4A27A6FD95004E45F9 /* Fonts.swift in Sources */,
				620A5D4027A6F811004E45F9 /* Colors.swift in Sources */,
				620A5D5327A70B09004E45F9 /* HomeProtocols.swift in Sources */,
				620A5D2527A6DBB5004E45F9 /* AppDelegate.swift in Sources */,
				620A5D2727A6DBB5004E45F9 /* SceneDelegate.swift in Sources */,
				623EC39427A96EED007D9937 /* DrawingModel.mlpackage in Sources */,
				620A5D5B27A70B3B004E45F9 /* HomeRouter.swift in Sources */,
			);
			runOnlyForDeploymentPostprocessing = 0;
		};
/* End PBXSourcesBuildPhase section */

/* Begin PBXVariantGroup section */
		620A5D2F27A6DBB6004E45F9 /* LaunchScreen.storyboard */ = {
			isa = PBXVariantGroup;
			children = (
				620A5D3027A6DBB6004E45F9 /* Base */,
			);
			name = LaunchScreen.storyboard;
			sourceTree = "<group>";
		};
/* End PBXVariantGroup section */

/* Begin XCBuildConfiguration section */
		620A5D3327A6DBB6004E45F9 /* Debug */ = {
			isa = XCBuildConfiguration;
			buildSettings = {
				ALWAYS_SEARCH_USER_PATHS = NO;
				CLANG_ANALYZER_NONNULL = YES;
				CLANG_ANALYZER_NUMBER_OBJECT_CONVERSION = YES_AGGRESSIVE;
				CLANG_CXX_LANGUAGE_STANDARD = "gnu++17";
				CLANG_ENABLE_MODULES = YES;
				CLANG_ENABLE_OBJC_ARC = YES;
				CLANG_ENABLE_OBJC_WEAK = YES;
				CLANG_WARN_BLOCK_CAPTURE_AUTORELEASING = YES;
				CLANG_WARN_BOOL_CONVERSION = YES;
				CLANG_WARN_COMMA = YES;
				CLANG_WARN_CONSTANT_CONVERSION = YES;
				CLANG_WARN_DEPRECATED_OBJC_IMPLEMENTATIONS = YES;
				CLANG_WARN_DIRECT_OBJC_ISA_USAGE = YES_ERROR;
				CLANG_WARN_DOCUMENTATION_COMMENTS = YES;
				CLANG_WARN_EMPTY_BODY = YES;
				CLANG_WARN_ENUM_CONVERSION = YES;
				CLANG_WARN_INFINITE_RECURSION = YES;
				CLANG_WARN_INT_CONVERSION = YES;
				CLANG_WARN_NON_LITERAL_NULL_CONVERSION = YES;
				CLANG_WARN_OBJC_IMPLICIT_RETAIN_SELF = YES;
				CLANG_WARN_OBJC_LITERAL_CONVERSION = YES;
				CLANG_WARN_OBJC_ROOT_CLASS = YES_ERROR;
				CLANG_WARN_QUOTED_INCLUDE_IN_FRAMEWORK_HEADER = YES;
				CLANG_WARN_RANGE_LOOP_ANALYSIS = YES;
				CLANG_WARN_STRICT_PROTOTYPES = YES;
				CLANG_WARN_SUSPICIOUS_MOVE = YES;
				CLANG_WARN_UNGUARDED_AVAILABILITY = YES_AGGRESSIVE;
				CLANG_WARN_UNREACHABLE_CODE = YES;
				CLANG_WARN__DUPLICATE_METHOD_MATCH = YES;
				COPY_PHASE_STRIP = NO;
				DEBUG_INFORMATION_FORMAT = dwarf;
				ENABLE_STRICT_OBJC_MSGSEND = YES;
				ENABLE_TESTABILITY = YES;
				GCC_C_LANGUAGE_STANDARD = gnu11;
				GCC_DYNAMIC_NO_PIC = NO;
				GCC_NO_COMMON_BLOCKS = YES;
				GCC_OPTIMIZATION_LEVEL = 0;
				GCC_PREPROCESSOR_DEFINITIONS = (
					"DEBUG=1",
					"$(inherited)",
				);
				GCC_WARN_64_TO_32_BIT_CONVERSION = YES;
				GCC_WARN_ABOUT_RETURN_TYPE = YES_ERROR;
				GCC_WARN_UNDECLARED_SELECTOR = YES;
				GCC_WARN_UNINITIALIZED_AUTOS = YES_AGGRESSIVE;
				GCC_WARN_UNUSED_FUNCTION = YES;
				GCC_WARN_UNUSED_VARIABLE = YES;
				IPHONEOS_DEPLOYMENT_TARGET = 15.4;
				MTL_ENABLE_DEBUG_INFO = INCLUDE_SOURCE;
				MTL_FAST_MATH = YES;
				ONLY_ACTIVE_ARCH = YES;
				SDKROOT = iphoneos;
				SWIFT_ACTIVE_COMPILATION_CONDITIONS = DEBUG;
				SWIFT_OPTIMIZATION_LEVEL = "-Onone";
			};
			name = Debug;
		};
		620A5D3427A6DBB6004E45F9 /* Release */ = {
			isa = XCBuildConfiguration;
			buildSettings = {
				ALWAYS_SEARCH_USER_PATHS = NO;
				CLANG_ANALYZER_NONNULL = YES;
				CLANG_ANALYZER_NUMBER_OBJECT_CONVERSION = YES_AGGRESSIVE;
				CLANG_CXX_LANGUAGE_STANDARD = "gnu++17";
				CLANG_ENABLE_MODULES = YES;
				CLANG_ENABLE_OBJC_ARC = YES;
				CLANG_ENABLE_OBJC_WEAK = YES;
				CLANG_WARN_BLOCK_CAPTURE_AUTORELEASING = YES;
				CLANG_WARN_BOOL_CONVERSION = YES;
				CLANG_WARN_COMMA = YES;
				CLANG_WARN_CONSTANT_CONVERSION = YES;
				CLANG_WARN_DEPRECATED_OBJC_IMPLEMENTATIONS = YES;
				CLANG_WARN_DIRECT_OBJC_ISA_USAGE = YES_ERROR;
				CLANG_WARN_DOCUMENTATION_COMMENTS = YES;
				CLANG_WARN_EMPTY_BODY = YES;
				CLANG_WARN_ENUM_CONVERSION = YES;
				CLANG_WARN_INFINITE_RECURSION = YES;
				CLANG_WARN_INT_CONVERSION = YES;
				CLANG_WARN_NON_LITERAL_NULL_CONVERSION = YES;
				CLANG_WARN_OBJC_IMPLICIT_RETAIN_SELF = YES;
				CLANG_WARN_OBJC_LITERAL_CONVERSION = YES;
				CLANG_WARN_OBJC_ROOT_CLASS = YES_ERROR;
				CLANG_WARN_QUOTED_INCLUDE_IN_FRAMEWORK_HEADER = YES;
				CLANG_WARN_RANGE_LOOP_ANALYSIS = YES;
				CLANG_WARN_STRICT_PROTOTYPES = YES;
				CLANG_WARN_SUSPICIOUS_MOVE = YES;
				CLANG_WARN_UNGUARDED_AVAILABILITY = YES_AGGRESSIVE;
				CLANG_WARN_UNREACHABLE_CODE = YES;
				CLANG_WARN__DUPLICATE_METHOD_MATCH = YES;
				COPY_PHASE_STRIP = NO;
				DEBUG_INFORMATION_FORMAT = "dwarf-with-dsym";
				ENABLE_NS_ASSERTIONS = NO;
				ENABLE_STRICT_OBJC_MSGSEND = YES;
				GCC_C_LANGUAGE_STANDARD = gnu11;
				GCC_NO_COMMON_BLOCKS = YES;
				GCC_WARN_64_TO_32_BIT_CONVERSION = YES;
				GCC_WARN_ABOUT_RETURN_TYPE = YES_ERROR;
				GCC_WARN_UNDECLARED_SELECTOR = YES;
				GCC_WARN_UNINITIALIZED_AUTOS = YES_AGGRESSIVE;
				GCC_WARN_UNUSED_FUNCTION = YES;
				GCC_WARN_UNUSED_VARIABLE = YES;
				IPHONEOS_DEPLOYMENT_TARGET = 15.4;
				MTL_ENABLE_DEBUG_INFO = NO;
				MTL_FAST_MATH = YES;
				SDKROOT = iphoneos;
				SWIFT_COMPILATION_MODE = wholemodule;
				SWIFT_OPTIMIZATION_LEVEL = "-O";
				VALIDATE_PRODUCT = YES;
			};
			name = Release;
		};
		620A5D3627A6DBB6004E45F9 /* Debug */ = {
			isa = XCBuildConfiguration;
			buildSettings = {
				ASSETCATALOG_COMPILER_APPICON_NAME = AppIcon;
				ASSETCATALOG_COMPILER_GLOBAL_ACCENT_COLOR_NAME = AccentColor;
				CODE_SIGN_STYLE = Automatic;
				CURRENT_PROJECT_VERSION = 1;
				GENERATE_INFOPLIST_FILE = YES;
				INFOPLIST_FILE = "quick-draw-ios/supporting-files/Info.plist";
				INFOPLIST_KEY_UIApplicationSupportsIndirectInputEvents = YES;
				INFOPLIST_KEY_UILaunchStoryboardName = LaunchScreen;
				INFOPLIST_KEY_UISupportedInterfaceOrientations_iPad = "UIInterfaceOrientationPortrait UIInterfaceOrientationPortraitUpsideDown UIInterfaceOrientationLandscapeLeft UIInterfaceOrientationLandscapeRight";
				INFOPLIST_KEY_UISupportedInterfaceOrientations_iPhone = "UIInterfaceOrientationPortrait UIInterfaceOrientationLandscapeLeft UIInterfaceOrientationLandscapeRight";
				LD_RUNPATH_SEARCH_PATHS = (
					"$(inherited)",
					"@executable_path/Frameworks",
				);
				MARKETING_VERSION = 1.0;
				PRODUCT_BUNDLE_IDENTIFIER = "betul-calik.quick-draw-ios";
				PRODUCT_NAME = "$(TARGET_NAME)";
				SWIFT_EMIT_LOC_STRINGS = YES;
				SWIFT_VERSION = 5.0;
				TARGETED_DEVICE_FAMILY = "1,2";
			};
			name = Debug;
		};
		620A5D3727A6DBB6004E45F9 /* Release */ = {
			isa = XCBuildConfiguration;
			buildSettings = {
				ASSETCATALOG_COMPILER_APPICON_NAME = AppIcon;
				ASSETCATALOG_COMPILER_GLOBAL_ACCENT_COLOR_NAME = AccentColor;
				CODE_SIGN_STYLE = Automatic;
				CURRENT_PROJECT_VERSION = 1;
				GENERATE_INFOPLIST_FILE = YES;
				INFOPLIST_FILE = "quick-draw-ios/supporting-files/Info.plist";
				INFOPLIST_KEY_UIApplicationSupportsIndirectInputEvents = YES;
				INFOPLIST_KEY_UILaunchStoryboardName = LaunchScreen;
				INFOPLIST_KEY_UISupportedInterfaceOrientations_iPad = "UIInterfaceOrientationPortrait UIInterfaceOrientationPortraitUpsideDown UIInterfaceOrientationLandscapeLeft UIInterfaceOrientationLandscapeRight";
				INFOPLIST_KEY_UISupportedInterfaceOrientations_iPhone = "UIInterfaceOrientationPortrait UIInterfaceOrientationLandscapeLeft UIInterfaceOrientationLandscapeRight";
				LD_RUNPATH_SEARCH_PATHS = (
					"$(inherited)",
					"@executable_path/Frameworks",
				);
				MARKETING_VERSION = 1.0;
				PRODUCT_BUNDLE_IDENTIFIER = "betul-calik.quick-draw-ios";
				PRODUCT_NAME = "$(TARGET_NAME)";
				SWIFT_EMIT_LOC_STRINGS = YES;
				SWIFT_VERSION = 5.0;
				TARGETED_DEVICE_FAMILY = "1,2";
			};
			name = Release;
		};
/* End XCBuildConfiguration section */

/* Begin XCConfigurationList section */
		620A5D1C27A6DBB5004E45F9 /* Build configuration list for PBXProject "quick-draw-ios" */ = {
			isa = XCConfigurationList;
			buildConfigurations = (
				620A5D3327A6DBB6004E45F9 /* Debug */,
				620A5D3427A6DBB6004E45F9 /* Release */,
			);
			defaultConfigurationIsVisible = 0;
			defaultConfigurationName = Release;
		};
		620A5D3527A6DBB6004E45F9 /* Build configuration list for PBXNativeTarget "quick-draw-ios" */ = {
			isa = XCConfigurationList;
			buildConfigurations = (
				620A5D3627A6DBB6004E45F9 /* Debug */,
				620A5D3727A6DBB6004E45F9 /* Release */,
			);
			defaultConfigurationIsVisible = 0;
			defaultConfigurationName = Release;
		};
/* End XCConfigurationList section */
	};
	rootObject = 620A5D1927A6DBB5004E45F9 /* Project object */;
}
